
Microsoft Visual Studio Solution File, Format Version 12.00
# Visual Studio Version 17
VisualStudioVersion = 17.13.35919.96
MinimumVisualStudioVersion = 10.0.40219.1
Project("{FAE04EC0-301F-11D3-BF4B-00C04F79EFBC}") = "SIGHR", "SIGHR.csproj", "{DC475B01-A53B-4234-A705-9BD84DEDE64B}"
EndProject
Global
	GlobalSection(SolutionConfigurationPlatforms) = preSolution
		Debug|Any CPU = Debug|Any CPU
		Release|Any CPU = Release|Any CPU
	EndGlobalSection
	GlobalSection(ProjectConfigurationPlatforms) = postSolution
		{DC475B01-A53B-4234-A705-9BD84DEDE64B}.Debug|Any CPU.ActiveCfg = Debug|Any CPU
		{DC475B01-A53B-4234-A705-9BD84DEDE64B}.Debug|Any CPU.Build.0 = Debug|Any CPU
		{DC475B01-A53B-4234-A705-9BD84DEDE64B}.Release|Any CPU.ActiveCfg = Release|Any CPU
		{DC475B01-A53B-4234-A705-9BD84DEDE64B}.Release|Any CPU.Build.0 = Release|Any CPU
	EndGlobalSection
	GlobalSection(SolutionProperties) = preSolution
		HideSolutionNode = FALSE
	EndGlobalSection
	GlobalSection(ExtensibilityGlobals) = postSolution
		SolutionGuid = {97E74499-1088-4ABE-B4FF-F24BFE39D43D}
	EndGlobalSection
EndGlobal
